
Microsoft Visual Studio Solution File, Format Version 12.00
Project("{FAE04EC0-301F-11D3-BF4B-00C04F79EFBC}") = "Workshop1.DependencyInjection", "Workshop1.DependencyInjection\Workshop1.DependencyInjection.csproj", "{2B460220-209F-4C80-9AD5-2247CB34D1D1}"
EndProject
Project("{FAE04EC0-301F-11D3-BF4B-00C04F79EFBC}") = "Workshop2.UnitTesting", "Workshop2.UnitTesting\Workshop2.UnitTesting.csproj", "{678C9B57-F36B-4FA1-A2B9-9F2E033E1C26}"
EndProject
Project("{FAE04EC0-301F-11D3-BF4B-00C04F79EFBC}") = "Workshop2.UnitTesting.Tests", "Workshop2.UnitTesting.Tests\Workshop2.UnitTesting.Tests.csproj", "{D748C0E3-0B71-424E-9DE9-321B1DA2FF38}"
EndProject
Project("{FAE04EC0-301F-11D3-BF4B-00C04F79EFBC}") = "Workshop3.EFCore.Domain", "Workshop3.EFCore.Domain\Workshop3.EFCore.Domain.csproj", "{0A4C2B3B-3293-4AAA-BC12-4BAAB6D7BF2B}"
EndProject
Project("{FAE04EC0-301F-11D3-BF4B-00C04F79EFBC}") = "Workshop3.EFCore.Data.EFCore", "Workshop3.EFCore.Data.EFCore\Workshop3.EFCore.Data.EFCore.csproj", "{94BFF91F-0B31-4441-A6DD-1C7617F20034}"
EndProject
Project("{FAE04EC0-301F-11D3-BF4B-00C04F79EFBC}") = "Workshop3.EFCore.WebAPI", "Workshop3.EFCore.WebAPI\Workshop3.EFCore.WebAPI.csproj", "{2B59267D-9FE7-46E4-8143-F2C493B7BC94}"
EndProject
Global
	GlobalSection(SolutionConfigurationPlatforms) = preSolution
		Debug|Any CPU = Debug|Any CPU
		Release|Any CPU = Release|Any CPU
	EndGlobalSection
	GlobalSection(ProjectConfigurationPlatforms) = postSolution
		{2B460220-209F-4C80-9AD5-2247CB34D1D1}.Debug|Any CPU.ActiveCfg = Debug|Any CPU
		{2B460220-209F-4C80-9AD5-2247CB34D1D1}.Debug|Any CPU.Build.0 = Debug|Any CPU
		{2B460220-209F-4C80-9AD5-2247CB34D1D1}.Release|Any CPU.ActiveCfg = Release|Any CPU
		{2B460220-209F-4C80-9AD5-2247CB34D1D1}.Release|Any CPU.Build.0 = Release|Any CPU
		{678C9B57-F36B-4FA1-A2B9-9F2E033E1C26}.Debug|Any CPU.ActiveCfg = Debug|Any CPU
		{678C9B57-F36B-4FA1-A2B9-9F2E033E1C26}.Debug|Any CPU.Build.0 = Debug|Any CPU
		{678C9B57-F36B-4FA1-A2B9-9F2E033E1C26}.Release|Any CPU.ActiveCfg = Release|Any CPU
		{678C9B57-F36B-4FA1-A2B9-9F2E033E1C26}.Release|Any CPU.Build.0 = Release|Any CPU
		{D748C0E3-0B71-424E-9DE9-321B1DA2FF38}.Debug|Any CPU.ActiveCfg = Debug|Any CPU
		{D748C0E3-0B71-424E-9DE9-321B1DA2FF38}.Debug|Any CPU.Build.0 = Debug|Any CPU
		{D748C0E3-0B71-424E-9DE9-321B1DA2FF38}.Release|Any CPU.ActiveCfg = Release|Any CPU
		{D748C0E3-0B71-424E-9DE9-321B1DA2FF38}.Release|Any CPU.Build.0 = Release|Any CPU
		{0A4C2B3B-3293-4AAA-BC12-4BAAB6D7BF2B}.Debug|Any CPU.ActiveCfg = Debug|Any CPU
		{0A4C2B3B-3293-4AAA-BC12-4BAAB6D7BF2B}.Debug|Any CPU.Build.0 = Debug|Any CPU
		{0A4C2B3B-3293-4AAA-BC12-4BAAB6D7BF2B}.Release|Any CPU.ActiveCfg = Release|Any CPU
		{0A4C2B3B-3293-4AAA-BC12-4BAAB6D7BF2B}.Release|Any CPU.Build.0 = Release|Any CPU
		{94BFF91F-0B31-4441-A6DD-1C7617F20034}.Debug|Any CPU.ActiveCfg = Debug|Any CPU
		{94BFF91F-0B31-4441-A6DD-1C7617F20034}.Debug|Any CPU.Build.0 = Debug|Any CPU
		{94BFF91F-0B31-4441-A6DD-1C7617F20034}.Release|Any CPU.ActiveCfg = Release|Any CPU
		{94BFF91F-0B31-4441-A6DD-1C7617F20034}.Release|Any CPU.Build.0 = Release|Any CPU
		{2B59267D-9FE7-46E4-8143-F2C493B7BC94}.Debug|Any CPU.ActiveCfg = Debug|Any CPU
		{2B59267D-9FE7-46E4-8143-F2C493B7BC94}.Debug|Any CPU.Build.0 = Debug|Any CPU
		{2B59267D-9FE7-46E4-8143-F2C493B7BC94}.Release|Any CPU.ActiveCfg = Release|Any CPU
		{2B59267D-9FE7-46E4-8143-F2C493B7BC94}.Release|Any CPU.Build.0 = Release|Any CPU
	EndGlobalSection
EndGlobal
